// !$*UTF8*$!
{
	archiveVersion = 1;
	classes = {
	};
	objectVersion = 50;
	objects = {

/* Begin PBXBuildFile section */
		CBC7E1F224D0A29F0036A032 /* AppDelegate.swift in Sources */ = {isa = PBXBuildFile; fileRef = CBC7E1F124D0A29F0036A032 /* AppDelegate.swift */; };
		CBC7E1F424D0A29F0036A032 /* SceneDelegate.swift in Sources */ = {isa = PBXBuildFile; fileRef = CBC7E1F324D0A29F0036A032 /* SceneDelegate.swift */; };
		CBC7E1F624D0A29F0036A032 /* ViewController.swift in Sources */ = {isa = PBXBuildFile; fileRef = CBC7E1F524D0A29F0036A032 /* ViewController.swift */; };
		CBC7E1F924D0A29F0036A032 /* Main.storyboard in Resources */ = {isa = PBXBuildFile; fileRef = CBC7E1F724D0A29F0036A032 /* Main.storyboard */; };
		CBC7E1FB24D0A2A00036A032 /* Assets.xcassets in Resources */ = {isa = PBXBuildFile; fileRef = CBC7E1FA24D0A2A00036A032 /* Assets.xcassets */; };
		CBC7E1FE24D0A2A00036A032 /* LaunchScreen.storyboard in Resources */ = {isa = PBXBuildFile; fileRef = CBC7E1FC24D0A2A00036A032 /* LaunchScreen.storyboard */; };
/* End PBXBuildFile section */

/* Begin PBXFileReference section */
		CBC7E1EE24D0A29F0036A032 /* UntitledChatApp.app */ = {isa = PBXFileReference; explicitFileType = wrapper.application; includeInIndex = 0; path = UntitledChatApp.app; sourceTree = BUILT_PRODUCTS_DIR; };
		CBC7E1F124D0A29F0036A032 /* AppDelegate.swift */ = {isa = PBXFileReference; lastKnownFileType = sourcecode.swift; path = AppDelegate.swift; sourceTree = "<group>"; };
		CBC7E1F324D0A29F0036A032 /* SceneDelegate.swift */ = {isa = PBXFileReference; lastKnownFileType = sourcecode.swift; path = SceneDelegate.swift; sourceTree = "<group>"; };
		CBC7E1F524D0A29F0036A032 /* ViewController.swift */ = {isa = PBXFileReference; lastKnownFileType = sourcecode.swift; path = ViewController.swift; sourceTree = "<group>"; };
		CBC7E1F824D0A29F0036A032 /* Base */ = {isa = PBXFileReference; lastKnownFileType = file.storyboard; name = Base; path = Base.lproj/Main.storyboard; sourceTree = "<group>"; };
		CBC7E1FA24D0A2A00036A032 /* Assets.xcassets */ = {isa = PBXFileReference; lastKnownFileType = folder.assetcatalog; path = Assets.xcassets; sourceTree = "<group>"; };
		CBC7E1FD24D0A2A00036A032 /* Base */ = {isa = PBXFileReference; lastKnownFileType = file.storyboard; name = Base; path = Base.lproj/LaunchScreen.storyboard; sourceTree = "<group>"; };
		CBC7E1FF24D0A2A00036A032 /* Info.plist */ = {isa = PBXFileReference; lastKnownFileType = text.plist.xml; path = Info.plist; sourceTree = "<group>"; };
/* End PBXFileReference section */

/* Begin PBXFrameworksBuildPhase section */
		CBC7E1EB24D0A29F0036A032 /* Frameworks */ = {
			isa = PBXFrameworksBuildPhase;
			buildActionMask = 2147483647;
			files = (
			);
			runOnlyForDeploymentPostprocessing = 0;
		};
/* End PBXFrameworksBuildPhase section */

/* Begin PBXGroup section */
		CBC7E1E524D0A29F0036A032 = {
			isa = PBXGroup;
			children = (
				CBC7E1F024D0A29F0036A032 /* UntitledChatApp */,
				CBC7E1EF24D0A29F0036A032 /* Products */,
			);
			sourceTree = "<group>";
		};
		CBC7E1EF24D0A29F0036A032 /* Products */ = {
			isa = PBXGroup;
			children = (
				CBC7E1EE24D0A29F0036A032 /* UntitledChatApp.app */,
			);
			name = Products;
			sourceTree = "<group>";
		};
		CBC7E1F024D0A29F0036A032 /* UntitledChatApp */ = {
			isa = PBXGroup;
			children = (
				CBC7E1F124D0A29F0036A032 /* AppDelegate.swift */,
				CBC7E1F324D0A29F0036A032 /* SceneDelegate.swift */,
				CBC7E1F524D0A29F0036A032 /* ViewController.swift */,
				CBC7E1F724D0A29F0036A032 /* Main.storyboard */,
				CBC7E1FA24D0A2A00036A032 /* Assets.xcassets */,
				CBC7E1FC24D0A2A00036A032 /* LaunchScreen.storyboard */,
				CBC7E1FF24D0A2A00036A032 /* Info.plist */,
			);
			path = UntitledChatApp;
			sourceTree = "<group>";
		};
/* End PBXGroup section */

/* Begin PBXNativeTarget section */
		CBC7E1ED24D0A29F0036A032 /* UntitledChatApp */ = {
			isa = PBXNativeTarget;
			buildConfigurationList = CBC7E20224D0A2A00036A032 /* Build configuration list for PBXNativeTarget "UntitledChatApp" */;
			buildPhases = (
				CBC7E1EA24D0A29F0036A032 /* Sources */,
				CBC7E1EB24D0A29F0036A032 /* Frameworks */,
				CBC7E1EC24D0A29F0036A032 /* Resources */,
			);
			buildRules = (
			);
			dependencies = (
			);
			name = UntitledChatApp;
			productName = UntitledChatApp;
			productReference = CBC7E1EE24D0A29F0036A032 /* UntitledChatApp.app */;
			productType = "com.apple.product-type.application";
		};
/* End PBXNativeTarget section */

/* Begin PBXProject section */
		CBC7E1E624D0A29F0036A032 /* Project object */ = {
			isa = PBXProject;
			attributes = {
				LastSwiftUpdateCheck = 1160;
				LastUpgradeCheck = 1160;
				ORGANIZATIONNAME = "Herbert Dodge";
				TargetAttributes = {
					CBC7E1ED24D0A29F0036A032 = {
						CreatedOnToolsVersion = 11.6;
					};
				};
			};
			buildConfigurationList = CBC7E1E924D0A29F0036A032 /* Build configuration list for PBXProject "UntitledChatApp" */;
			compatibilityVersion = "Xcode 9.3";
			developmentRegion = en;
			hasScannedForEncodings = 0;
			knownRegions = (
				en,
				Base,
			);
			mainGroup = CBC7E1E524D0A29F0036A032;
			productRefGroup = CBC7E1EF24D0A29F0036A032 /* Products */;
			projectDirPath = "";
			projectRoot = "";
			targets = (
				CBC7E1ED24D0A29F0036A032 /* UntitledChatApp */,
			);
		};
/* End PBXProject section */

/* Begin PBXResourcesBuildPhase section */
		CBC7E1EC24D0A29F0036A032 /* Resources */ = {
			isa = PBXResourcesBuildPhase;
			buildActionMask = 2147483647;
			files = (
				CBC7E1FE24D0A2A00036A032 /* LaunchScreen.storyboard in Resources */,
				CBC7E1FB24D0A2A00036A032 /* Assets.xcassets in Resources */,
				CBC7E1F924D0A29F0036A032 /* Main.storyboard in Resources */,
			);
			runOnlyForDeploymentPostprocessing = 0;
		};
/* End PBXResourcesBuildPhase section */

/* Begin PBXSourcesBuildPhase section */
		CBC7E1EA24D0A29F0036A032 /* Sources */ = {
			isa = PBXSourcesBuildPhase;
			buildActionMask = 2147483647;
			files = (
				CBC7E1F624D0A29F0036A032 /* ViewController.swift in Sources */,
				CBC7E1F224D0A29F0036A032 /* AppDelegate.swift in Sources */,
				CBC7E1F424D0A29F0036A032 /* SceneDelegate.swift in Sources */,
			);
			runOnlyForDeploymentPostprocessing = 0;
		};
/* End PBXSourcesBuildPhase section */

/* Begin PBXVariantGroup section */
		CBC7E1F724D0A29F0036A032 /* Main.storyboard */ = {
			isa = PBXVariantGroup;
			children = (
				CBC7E1F824D0A29F0036A032 /* Base */,
			);
			name = Main.storyboard;
			sourceTree = "<group>";
		};
		CBC7E1FC24D0A2A00036A032 /* LaunchScreen.storyboard */ = {
			isa = PBXVariantGroup;
			children = (
				CBC7E1FD24D0A2A00036A032 /* Base */,
			);
			name = LaunchScreen.storyboard;
			sourceTree = "<group>";
		};
/* End PBXVariantGroup section */

/* Begin XCBuildConfiguration section */
		CBC7E20024D0A2A00036A032 /* Debug */ = {
			isa = XCBuildConfiguration;
			buildSettings = {
				ALWAYS_SEARCH_USER_PATHS = NO;
				CLANG_ANALYZER_NONNULL = YES;
				CLANG_ANALYZER_NUMBER_OBJECT_CONVERSION = YES_AGGRESSIVE;
				CLANG_CXX_LANGUAGE_STANDARD = "gnu++14";
				CLANG_CXX_LIBRARY = "libc++";
				CLANG_ENABLE_MODULES = YES;
				CLANG_ENABLE_OBJC_ARC = YES;
				CLANG_ENABLE_OBJC_WEAK = YES;
				CLANG_WARN_BLOCK_CAPTURE_AUTORELEASING = YES;
				CLANG_WARN_BOOL_CONVERSION = YES;
				CLANG_WARN_COMMA = YES;
				CLANG_WARN_CONSTANT_CONVERSION = YES;
				CLANG_WARN_DEPRECATED_OBJC_IMPLEMENTATIONS = YES;
				CLANG_WARN_DIRECT_OBJC_ISA_USAGE = YES_ERROR;
				CLANG_WARN_DOCUMENTATION_COMMENTS = YES;
				CLANG_WARN_EMPTY_BODY = YES;
				CLANG_WARN_ENUM_CONVERSION = YES;
				CLANG_WARN_INFINITE_RECURSION = YES;
				CLANG_WARN_INT_CONVERSION = YES;
				CLANG_WARN_NON_LITERAL_NULL_CONVERSION = YES;
				CLANG_WARN_OBJC_IMPLICIT_RETAIN_SELF = YES;
				CLANG_WARN_OBJC_LITERAL_CONVERSION = YES;
				CLANG_WARN_OBJC_ROOT_CLASS = YES_ERROR;
				CLANG_WARN_RANGE_LOOP_ANALYSIS = YES;
				CLANG_WARN_STRICT_PROTOTYPES = YES;
				CLANG_WARN_SUSPICIOUS_MOVE = YES;
				CLANG_WARN_UNGUARDED_AVAILABILITY = YES_AGGRESSIVE;
				CLANG_WARN_UNREACHABLE_CODE = YES;
				CLANG_WARN__DUPLICATE_METHOD_MATCH = YES;
				COPY_PHASE_STRIP = NO;
				DEBUG_INFORMATION_FORMAT = dwarf;
				ENABLE_STRICT_OBJC_MSGSEND = YES;
				ENABLE_TESTABILITY = YES;
				GCC_C_LANGUAGE_STANDARD = gnu11;
				GCC_DYNAMIC_NO_PIC = NO;
				GCC_NO_COMMON_BLOCKS = YES;
				GCC_OPTIMIZATION_LEVEL = 0;
				GCC_PREPROCESSOR_DEFINITIONS = (
					"DEBUG=1",
					"$(inherited)",
				);
				GCC_WARN_64_TO_32_BIT_CONVERSION = YES;
				GCC_WARN_ABOUT_RETURN_TYPE = YES_ERROR;
				GCC_WARN_UNDECLARED_SELECTOR = YES;
				GCC_WARN_UNINITIALIZED_AUTOS = YES_AGGRESSIVE;
				GCC_WARN_UNUSED_FUNCTION = YES;
				GCC_WARN_UNUSED_VARIABLE = YES;
				IPHONEOS_DEPLOYMENT_TARGET = 13.6;
				MTL_ENABLE_DEBUG_INFO = INCLUDE_SOURCE;
				MTL_FAST_MATH = YES;
				ONLY_ACTIVE_ARCH = YES;
				SDKROOT = iphoneos;
				SWIFT_ACTIVE_COMPILATION_CONDITIONS = DEBUG;
				SWIFT_OPTIMIZATION_LEVEL = "-Onone";
			};
			name = Debug;
		};
		CBC7E20124D0A2A00036A032 /* Release */ = {
			isa = XCBuildConfiguration;
			buildSettings = {
				ALWAYS_SEARCH_USER_PATHS = NO;
				CLANG_ANALYZER_NONNULL = YES;
				CLANG_ANALYZER_NUMBER_OBJECT_CONVERSION = YES_AGGRESSIVE;
				CLANG_CXX_LANGUAGE_STANDARD = "gnu++14";
				CLANG_CXX_LIBRARY = "libc++";
				CLANG_ENABLE_MODULES = YES;
				CLANG_ENABLE_OBJC_ARC = YES;
				CLANG_ENABLE_OBJC_WEAK = YES;
				CLANG_WARN_BLOCK_CAPTURE_AUTORELEASING = YES;
				CLANG_WARN_BOOL_CONVERSION = YES;
				CLANG_WARN_COMMA = YES;
				CLANG_WARN_CONSTANT_CONVERSION = YES;
				CLANG_WARN_DEPRECATED_OBJC_IMPLEMENTATIONS = YES;
				CLANG_WARN_DIRECT_OBJC_ISA_USAGE = YES_ERROR;
				CLANG_WARN_DOCUMENTATION_COMMENTS = YES;
				CLANG_WARN_EMPTY_BODY = YES;
				CLANG_WARN_ENUM_CONVERSION = YES;
				CLANG_WARN_INFINITE_RECURSION = YES;
				CLANG_WARN_INT_CONVERSION = YES;
				CLANG_WARN_NON_LITERAL_NULL_CONVERSION = YES;
				CLANG_WARN_OBJC_IMPLICIT_RETAIN_SELF = YES;
				CLANG_WARN_OBJC_LITERAL_CONVERSION = YES;
				CLANG_WARN_OBJC_ROOT_CLASS = YES_ERROR;
				CLANG_WARN_RANGE_LOOP_ANALYSIS = YES;
				CLANG_WARN_STRICT_PROTOTYPES = YES;
				CLANG_WARN_SUSPICIOUS_MOVE = YES;
				CLANG_WARN_UNGUARDED_AVAILABILITY = YES_AGGRESSIVE;
				CLANG_WARN_UNREACHABLE_CODE = YES;
				CLANG_WARN__DUPLICATE_METHOD_MATCH = YES;
				COPY_PHASE_STRIP = NO;
				DEBUG_INFORMATION_FORMAT = "dwarf-with-dsym";
				ENABLE_NS_ASSERTIONS = NO;
				ENABLE_STRICT_OBJC_MSGSEND = YES;
				GCC_C_LANGUAGE_STANDARD = gnu11;
				GCC_NO_COMMON_BLOCKS = YES;
				GCC_WARN_64_TO_32_BIT_CONVERSION = YES;
				GCC_WARN_ABOUT_RETURN_TYPE = YES_ERROR;
				GCC_WARN_UNDECLARED_SELECTOR = YES;
				GCC_WARN_UNINITIALIZED_AUTOS = YES_AGGRESSIVE;
				GCC_WARN_UNUSED_FUNCTION = YES;
				GCC_WARN_UNUSED_VARIABLE = YES;
				IPHONEOS_DEPLOYMENT_TARGET = 13.6;
				MTL_ENABLE_DEBUG_INFO = NO;
				MTL_FAST_MATH = YES;
				SDKROOT = iphoneos;
				SWIFT_COMPILATION_MODE = wholemodule;
				SWIFT_OPTIMIZATION_LEVEL = "-O";
				VALIDATE_PRODUCT = YES;
			};
			name = Release;
		};
		CBC7E20324D0A2A00036A032 /* Debug */ = {
			isa = XCBuildConfiguration;
			buildSettings = {
				ASSETCATALOG_COMPILER_APPICON_NAME = AppIcon;
				CODE_SIGN_STYLE = Automatic;
				INFOPLIST_FILE = UntitledChatApp/Info.plist;
				LD_RUNPATH_SEARCH_PATHS = (
					"$(inherited)",
					"@executable_path/Frameworks",
				);
				PRODUCT_BUNDLE_IDENTIFIER = io.dbydesign.UntitledChatApp;
				PRODUCT_NAME = "$(TARGET_NAME)";
				SWIFT_VERSION = 5.0;
				TARGETED_DEVICE_FAMILY = "1,2";
			};
			name = Debug;
		};
		CBC7E20424D0A2A00036A032 /* Release */ = {
			isa = XCBuildConfiguration;
			buildSettings = {
				ASSETCATALOG_COMPILER_APPICON_NAME = AppIcon;
				CODE_SIGN_STYLE = Automatic;
				INFOPLIST_FILE = UntitledChatApp/Info.plist;
				LD_RUNPATH_SEARCH_PATHS = (
					"$(inherited)",
					"@executable_path/Frameworks",
				);
				PRODUCT_BUNDLE_IDENTIFIER = io.dbydesign.UntitledChatApp;
				PRODUCT_NAME = "$(TARGET_NAME)";
				SWIFT_VERSION = 5.0;
				TARGETED_DEVICE_FAMILY = "1,2";
			};
			name = Release;
		};
/* End XCBuildConfiguration section */

/* Begin XCConfigurationList section */
		CBC7E1E924D0A29F0036A032 /* Build configuration list for PBXProject "UntitledChatApp" */ = {
			isa = XCConfigurationList;
			buildConfigurations = (
				CBC7E20024D0A2A00036A032 /* Debug */,
				CBC7E20124D0A2A00036A032 /* Release */,
			);
			defaultConfigurationIsVisible = 0;
			defaultConfigurationName = Release;
		};
		CBC7E20224D0A2A00036A032 /* Build configuration list for PBXNativeTarget "UntitledChatApp" */ = {
			isa = XCConfigurationList;
			buildConfigurations = (
				CBC7E20324D0A2A00036A032 /* Debug */,
				CBC7E20424D0A2A00036A032 /* Release */,
			);
			defaultConfigurationIsVisible = 0;
			defaultConfigurationName = Release;
		};
/* End XCConfigurationList section */
	};
	rootObject = CBC7E1E624D0A29F0036A032 /* Project object */;
}
